// !$*UTF8*$!
{
	archiveVersion = 1;
	classes = {
	};
	objectVersion = 50;
	objects = {

/* Begin PBXBuildFile section */
		756D58E1272887EE0072104F /* AppDelegate.swift in Sources */ = {isa = PBXBuildFile; fileRef = 756D58E0272887EE0072104F /* AppDelegate.swift */; };
		756D58E3272887EE0072104F /* SceneDelegate.swift in Sources */ = {isa = PBXBuildFile; fileRef = 756D58E2272887EE0072104F /* SceneDelegate.swift */; };
		756D58E5272887EE0072104F /* ViewController.swift in Sources */ = {isa = PBXBuildFile; fileRef = 756D58E4272887EE0072104F /* ViewController.swift */; };
		756D58E8272887EE0072104F /* Main.storyboard in Resources */ = {isa = PBXBuildFile; fileRef = 756D58E6272887EE0072104F /* Main.storyboard */; };
		756D58EA272887F00072104F /* Assets.xcassets in Resources */ = {isa = PBXBuildFile; fileRef = 756D58E9272887F00072104F /* Assets.xcassets */; };
		756D58ED272887F00072104F /* LaunchScreen.storyboard in Resources */ = {isa = PBXBuildFile; fileRef = 756D58EB272887F00072104F /* LaunchScreen.storyboard */; };
		756D58F8272887F00072104F /* EnablingEngineeringBLETestTests.swift in Sources */ = {isa = PBXBuildFile; fileRef = 756D58F7272887F00072104F /* EnablingEngineeringBLETestTests.swift */; };
		756D5903272887F00072104F /* EnablingEngineeringBLETestUITests.swift in Sources */ = {isa = PBXBuildFile; fileRef = 756D5902272887F00072104F /* EnablingEngineeringBLETestUITests.swift */; };
		756D5914272888320072104F /* Bluetooth.swift in Sources */ = {isa = PBXBuildFile; fileRef = 756D5913272888320072104F /* Bluetooth.swift */; };
/* End PBXBuildFile section */

/* Begin PBXContainerItemProxy section */
		756D58F4272887F00072104F /* PBXContainerItemProxy */ = {
			isa = PBXContainerItemProxy;
			containerPortal = 756D58D5272887EE0072104F /* Project object */;
			proxyType = 1;
			remoteGlobalIDString = 756D58DC272887EE0072104F;
			remoteInfo = EnablingEngineeringBLETest;
		};
		756D58FF272887F00072104F /* PBXContainerItemProxy */ = {
			isa = PBXContainerItemProxy;
			containerPortal = 756D58D5272887EE0072104F /* Project object */;
			proxyType = 1;
			remoteGlobalIDString = 756D58DC272887EE0072104F;
			remoteInfo = EnablingEngineeringBLETest;
		};
/* End PBXContainerItemProxy section */

/* Begin PBXFileReference section */
		756D58DD272887EE0072104F /* EnablingEngineeringBLETest.app */ = {isa = PBXFileReference; explicitFileType = wrapper.application; includeInIndex = 0; path = EnablingEngineeringBLETest.app; sourceTree = BUILT_PRODUCTS_DIR; };
		756D58E0272887EE0072104F /* AppDelegate.swift */ = {isa = PBXFileReference; lastKnownFileType = sourcecode.swift; path = AppDelegate.swift; sourceTree = "<group>"; };
		756D58E2272887EE0072104F /* SceneDelegate.swift */ = {isa = PBXFileReference; lastKnownFileType = sourcecode.swift; path = SceneDelegate.swift; sourceTree = "<group>"; };
		756D58E4272887EE0072104F /* ViewController.swift */ = {isa = PBXFileReference; lastKnownFileType = sourcecode.swift; path = ViewController.swift; sourceTree = "<group>"; };
		756D58E7272887EE0072104F /* Base */ = {isa = PBXFileReference; lastKnownFileType = file.storyboard; name = Base; path = Base.lproj/Main.storyboard; sourceTree = "<group>"; };
		756D58E9272887F00072104F /* Assets.xcassets */ = {isa = PBXFileReference; lastKnownFileType = folder.assetcatalog; path = Assets.xcassets; sourceTree = "<group>"; };
		756D58EC272887F00072104F /* Base */ = {isa = PBXFileReference; lastKnownFileType = file.storyboard; name = Base; path = Base.lproj/LaunchScreen.storyboard; sourceTree = "<group>"; };
		756D58EE272887F00072104F /* Info.plist */ = {isa = PBXFileReference; lastKnownFileType = text.plist.xml; path = Info.plist; sourceTree = "<group>"; };
		756D58F3272887F00072104F /* EnablingEngineeringBLETestTests.xctest */ = {isa = PBXFileReference; explicitFileType = wrapper.cfbundle; includeInIndex = 0; path = EnablingEngineeringBLETestTests.xctest; sourceTree = BUILT_PRODUCTS_DIR; };
		756D58F7272887F00072104F /* EnablingEngineeringBLETestTests.swift */ = {isa = PBXFileReference; lastKnownFileType = sourcecode.swift; path = EnablingEngineeringBLETestTests.swift; sourceTree = "<group>"; };
		756D58F9272887F00072104F /* Info.plist */ = {isa = PBXFileReference; lastKnownFileType = text.plist.xml; path = Info.plist; sourceTree = "<group>"; };
		756D58FE272887F00072104F /* EnablingEngineeringBLETestUITests.xctest */ = {isa = PBXFileReference; explicitFileType = wrapper.cfbundle; includeInIndex = 0; path = EnablingEngineeringBLETestUITests.xctest; sourceTree = BUILT_PRODUCTS_DIR; };
		756D5902272887F00072104F /* EnablingEngineeringBLETestUITests.swift */ = {isa = PBXFileReference; lastKnownFileType = sourcecode.swift; path = EnablingEngineeringBLETestUITests.swift; sourceTree = "<group>"; };
		756D5904272887F00072104F /* Info.plist */ = {isa = PBXFileReference; lastKnownFileType = text.plist.xml; path = Info.plist; sourceTree = "<group>"; };
		756D5913272888320072104F /* Bluetooth.swift */ = {isa = PBXFileReference; lastKnownFileType = sourcecode.swift; path = Bluetooth.swift; sourceTree = "<group>"; };
/* End PBXFileReference section */

/* Begin PBXFrameworksBuildPhase section */
		756D58DA272887EE0072104F /* Frameworks */ = {
			isa = PBXFrameworksBuildPhase;
			buildActionMask = 2147483647;
			files = (
			);
			runOnlyForDeploymentPostprocessing = 0;
		};
		756D58F0272887F00072104F /* Frameworks */ = {
			isa = PBXFrameworksBuildPhase;
			buildActionMask = 2147483647;
			files = (
			);
			runOnlyForDeploymentPostprocessing = 0;
		};
		756D58FB272887F00072104F /* Frameworks */ = {
			isa = PBXFrameworksBuildPhase;
			buildActionMask = 2147483647;
			files = (
			);
			runOnlyForDeploymentPostprocessing = 0;
		};
/* End PBXFrameworksBuildPhase section */

/* Begin PBXGroup section */
		756D58D4272887EE0072104F = {
			isa = PBXGroup;
			children = (
				756D58DF272887EE0072104F /* EnablingEngineeringBLETest */,
				756D58F6272887F00072104F /* EnablingEngineeringBLETestTests */,
				756D5901272887F00072104F /* EnablingEngineeringBLETestUITests */,
				756D58DE272887EE0072104F /* Products */,
			);
			sourceTree = "<group>";
		};
		756D58DE272887EE0072104F /* Products */ = {
			isa = PBXGroup;
			children = (
				756D58DD272887EE0072104F /* EnablingEngineeringBLETest.app */,
				756D58F3272887F00072104F /* EnablingEngineeringBLETestTests.xctest */,
				756D58FE272887F00072104F /* EnablingEngineeringBLETestUITests.xctest */,
			);
			name = Products;
			sourceTree = "<group>";
		};
		756D58DF272887EE0072104F /* EnablingEngineeringBLETest */ = {
			isa = PBXGroup;
			children = (
				756D58E0272887EE0072104F /* AppDelegate.swift */,
				756D58E2272887EE0072104F /* SceneDelegate.swift */,
				756D58E4272887EE0072104F /* ViewController.swift */,
				756D58E6272887EE0072104F /* Main.storyboard */,
				756D58E9272887F00072104F /* Assets.xcassets */,
				756D58EB272887F00072104F /* LaunchScreen.storyboard */,
				756D58EE272887F00072104F /* Info.plist */,
				756D5913272888320072104F /* Bluetooth.swift */,
			);
			path = EnablingEngineeringBLETest;
			sourceTree = "<group>";
		};
		756D58F6272887F00072104F /* EnablingEngineeringBLETestTests */ = {
			isa = PBXGroup;
			children = (
				756D58F7272887F00072104F /* EnablingEngineeringBLETestTests.swift */,
				756D58F9272887F00072104F /* Info.plist */,
			);
			path = EnablingEngineeringBLETestTests;
			sourceTree = "<group>";
		};
		756D5901272887F00072104F /* EnablingEngineeringBLETestUITests */ = {
			isa = PBXGroup;
			children = (
				756D5902272887F00072104F /* EnablingEngineeringBLETestUITests.swift */,
				756D5904272887F00072104F /* Info.plist */,
			);
			path = EnablingEngineeringBLETestUITests;
			sourceTree = "<group>";
		};
/* End PBXGroup section */

/* Begin PBXNativeTarget section */
		756D58DC272887EE0072104F /* EnablingEngineeringBLETest */ = {
			isa = PBXNativeTarget;
			buildConfigurationList = 756D5907272887F00072104F /* Build configuration list for PBXNativeTarget "EnablingEngineeringBLETest" */;
			buildPhases = (
				756D58D9272887EE0072104F /* Sources */,
				756D58DA272887EE0072104F /* Frameworks */,
				756D58DB272887EE0072104F /* Resources */,
			);
			buildRules = (
			);
			dependencies = (
			);
			name = EnablingEngineeringBLETest;
			productName = EnablingEngineeringBLETest;
			productReference = 756D58DD272887EE0072104F /* EnablingEngineeringBLETest.app */;
			productType = "com.apple.product-type.application";
		};
		756D58F2272887F00072104F /* EnablingEngineeringBLETestTests */ = {
			isa = PBXNativeTarget;
			buildConfigurationList = 756D590A272887F00072104F /* Build configuration list for PBXNativeTarget "EnablingEngineeringBLETestTests" */;
			buildPhases = (
				756D58EF272887F00072104F /* Sources */,
				756D58F0272887F00072104F /* Frameworks */,
				756D58F1272887F00072104F /* Resources */,
			);
			buildRules = (
			);
			dependencies = (
				756D58F5272887F00072104F /* PBXTargetDependency */,
			);
			name = EnablingEngineeringBLETestTests;
			productName = EnablingEngineeringBLETestTests;
			productReference = 756D58F3272887F00072104F /* EnablingEngineeringBLETestTests.xctest */;
			productType = "com.apple.product-type.bundle.unit-test";
		};
		756D58FD272887F00072104F /* EnablingEngineeringBLETestUITests */ = {
			isa = PBXNativeTarget;
			buildConfigurationList = 756D590D272887F00072104F /* Build configuration list for PBXNativeTarget "EnablingEngineeringBLETestUITests" */;
			buildPhases = (
				756D58FA272887F00072104F /* Sources */,
				756D58FB272887F00072104F /* Frameworks */,
				756D58FC272887F00072104F /* Resources */,
			);
			buildRules = (
			);
			dependencies = (
				756D5900272887F00072104F /* PBXTargetDependency */,
			);
			name = EnablingEngineeringBLETestUITests;
			productName = EnablingEngineeringBLETestUITests;
			productReference = 756D58FE272887F00072104F /* EnablingEngineeringBLETestUITests.xctest */;
			productType = "com.apple.product-type.bundle.ui-testing";
		};
/* End PBXNativeTarget section */

/* Begin PBXProject section */
		756D58D5272887EE0072104F /* Project object */ = {
			isa = PBXProject;
			attributes = {
				LastSwiftUpdateCheck = 1230;
				LastUpgradeCheck = 1230;
				TargetAttributes = {
					756D58DC272887EE0072104F = {
						CreatedOnToolsVersion = 12.3;
					};
					756D58F2272887F00072104F = {
						CreatedOnToolsVersion = 12.3;
						TestTargetID = 756D58DC272887EE0072104F;
					};
					756D58FD272887F00072104F = {
						CreatedOnToolsVersion = 12.3;
						TestTargetID = 756D58DC272887EE0072104F;
					};
				};
			};
			buildConfigurationList = 756D58D8272887EE0072104F /* Build configuration list for PBXProject "EnablingEngineeringBLETest" */;
			compatibilityVersion = "Xcode 9.3";
			developmentRegion = en;
			hasScannedForEncodings = 0;
			knownRegions = (
				en,
				Base,
			);
			mainGroup = 756D58D4272887EE0072104F;
			productRefGroup = 756D58DE272887EE0072104F /* Products */;
			projectDirPath = "";
			projectRoot = "";
			targets = (
				756D58DC272887EE0072104F /* EnablingEngineeringBLETest */,
				756D58F2272887F00072104F /* EnablingEngineeringBLETestTests */,
				756D58FD272887F00072104F /* EnablingEngineeringBLETestUITests */,
			);
		};
/* End PBXProject section */

/* Begin PBXResourcesBuildPhase section */
		756D58DB272887EE0072104F /* Resources */ = {
			isa = PBXResourcesBuildPhase;
			buildActionMask = 2147483647;
			files = (
				756D58ED272887F00072104F /* LaunchScreen.storyboard in Resources */,
				756D58EA272887F00072104F /* Assets.xcassets in Resources */,
				756D58E8272887EE0072104F /* Main.storyboard in Resources */,
			);
			runOnlyForDeploymentPostprocessing = 0;
		};
		756D58F1272887F00072104F /* Resources */ = {
			isa = PBXResourcesBuildPhase;
			buildActionMask = 2147483647;
			files = (
			);
			runOnlyForDeploymentPostprocessing = 0;
		};
		756D58FC272887F00072104F /* Resources */ = {
			isa = PBXResourcesBuildPhase;
			buildActionMask = 2147483647;
			files = (
			);
			runOnlyForDeploymentPostprocessing = 0;
		};
/* End PBXResourcesBuildPhase section */

/* Begin PBXSourcesBuildPhase section */
		756D58D9272887EE0072104F /* Sources */ = {
			isa = PBXSourcesBuildPhase;
			buildActionMask = 2147483647;
			files = (
				756D5914272888320072104F /* Bluetooth.swift in Sources */,
				756D58E5272887EE0072104F /* ViewController.swift in Sources */,
				756D58E1272887EE0072104F /* AppDelegate.swift in Sources */,
				756D58E3272887EE0072104F /* SceneDelegate.swift in Sources */,
			);
			runOnlyForDeploymentPostprocessing = 0;
		};
		756D58EF272887F00072104F /* Sources */ = {
			isa = PBXSourcesBuildPhase;
			buildActionMask = 2147483647;
			files = (
				756D58F8272887F00072104F /* EnablingEngineeringBLETestTests.swift in Sources */,
			);
			runOnlyForDeploymentPostprocessing = 0;
		};
		756D58FA272887F00072104F /* Sources */ = {
			isa = PBXSourcesBuildPhase;
			buildActionMask = 2147483647;
			files = (
				756D5903272887F00072104F /* EnablingEngineeringBLETestUITests.swift in Sources */,
			);
			runOnlyForDeploymentPostprocessing = 0;
		};
/* End PBXSourcesBuildPhase section */

/* Begin PBXTargetDependency section */
		756D58F5272887F00072104F /* PBXTargetDependency */ = {
			isa = PBXTargetDependency;
			target = 756D58DC272887EE0072104F /* EnablingEngineeringBLETest */;
			targetProxy = 756D58F4272887F00072104F /* PBXContainerItemProxy */;
		};
		756D5900272887F00072104F /* PBXTargetDependency */ = {
			isa = PBXTargetDependency;
			target = 756D58DC272887EE0072104F /* EnablingEngineeringBLETest */;
			targetProxy = 756D58FF272887F00072104F /* PBXContainerItemProxy */;
		};
/* End PBXTargetDependency section */

/* Begin PBXVariantGroup section */
		756D58E6272887EE0072104F /* Main.storyboard */ = {
			isa = PBXVariantGroup;
			children = (
				756D58E7272887EE0072104F /* Base */,
			);
			name = Main.storyboard;
			sourceTree = "<group>";
		};
		756D58EB272887F00072104F /* LaunchScreen.storyboard */ = {
			isa = PBXVariantGroup;
			children = (
				756D58EC272887F00072104F /* Base */,
			);
			name = LaunchScreen.storyboard;
			sourceTree = "<group>";
		};
/* End PBXVariantGroup section */

/* Begin XCBuildConfiguration section */
		756D5905272887F00072104F /* Debug */ = {
			isa = XCBuildConfiguration;
			buildSettings = {
				ALWAYS_SEARCH_USER_PATHS = NO;
				CLANG_ANALYZER_NONNULL = YES;
				CLANG_ANALYZER_NUMBER_OBJECT_CONVERSION = YES_AGGRESSIVE;
				CLANG_CXX_LANGUAGE_STANDARD = "gnu++14";
				CLANG_CXX_LIBRARY = "libc++";
				CLANG_ENABLE_MODULES = YES;
				CLANG_ENABLE_OBJC_ARC = YES;
				CLANG_ENABLE_OBJC_WEAK = YES;
				CLANG_WARN_BLOCK_CAPTURE_AUTORELEASING = YES;
				CLANG_WARN_BOOL_CONVERSION = YES;
				CLANG_WARN_COMMA = YES;
				CLANG_WARN_CONSTANT_CONVERSION = YES;
				CLANG_WARN_DEPRECATED_OBJC_IMPLEMENTATIONS = YES;
				CLANG_WARN_DIRECT_OBJC_ISA_USAGE = YES_ERROR;
				CLANG_WARN_DOCUMENTATION_COMMENTS = YES;
				CLANG_WARN_EMPTY_BODY = YES;
				CLANG_WARN_ENUM_CONVERSION = YES;
				CLANG_WARN_INFINITE_RECURSION = YES;
				CLANG_WARN_INT_CONVERSION = YES;
				CLANG_WARN_NON_LITERAL_NULL_CONVERSION = YES;
				CLANG_WARN_OBJC_IMPLICIT_RETAIN_SELF = YES;
				CLANG_WARN_OBJC_LITERAL_CONVERSION = YES;
				CLANG_WARN_OBJC_ROOT_CLASS = YES_ERROR;
				CLANG_WARN_QUOTED_INCLUDE_IN_FRAMEWORK_HEADER = YES;
				CLANG_WARN_RANGE_LOOP_ANALYSIS = YES;
				CLANG_WARN_STRICT_PROTOTYPES = YES;
				CLANG_WARN_SUSPICIOUS_MOVE = YES;
				CLANG_WARN_UNGUARDED_AVAILABILITY = YES_AGGRESSIVE;
				CLANG_WARN_UNREACHABLE_CODE = YES;
				CLANG_WARN__DUPLICATE_METHOD_MATCH = YES;
				COPY_PHASE_STRIP = NO;
				DEBUG_INFORMATION_FORMAT = dwarf;
				ENABLE_STRICT_OBJC_MSGSEND = YES;
				ENABLE_TESTABILITY = YES;
				GCC_C_LANGUAGE_STANDARD = gnu11;
				GCC_DYNAMIC_NO_PIC = NO;
				GCC_NO_COMMON_BLOCKS = YES;
				GCC_OPTIMIZATION_LEVEL = 0;
				GCC_PREPROCESSOR_DEFINITIONS = (
					"DEBUG=1",
					"$(inherited)",
				);
				GCC_WARN_64_TO_32_BIT_CONVERSION = YES;
				GCC_WARN_ABOUT_RETURN_TYPE = YES_ERROR;
				GCC_WARN_UNDECLARED_SELECTOR = YES;
				GCC_WARN_UNINITIALIZED_AUTOS = YES_AGGRESSIVE;
				GCC_WARN_UNUSED_FUNCTION = YES;
				GCC_WARN_UNUSED_VARIABLE = YES;
				IPHONEOS_DEPLOYMENT_TARGET = 14.3;
				MTL_ENABLE_DEBUG_INFO = INCLUDE_SOURCE;
				MTL_FAST_MATH = YES;
				ONLY_ACTIVE_ARCH = YES;
				SDKROOT = iphoneos;
				SWIFT_ACTIVE_COMPILATION_CONDITIONS = DEBUG;
				SWIFT_OPTIMIZATION_LEVEL = "-Onone";
			};
			name = Debug;
		};
		756D5906272887F00072104F /* Release */ = {
			isa = XCBuildConfiguration;
			buildSettings = {
				ALWAYS_SEARCH_USER_PATHS = NO;
				CLANG_ANALYZER_NONNULL = YES;
				CLANG_ANALYZER_NUMBER_OBJECT_CONVERSION = YES_AGGRESSIVE;
				CLANG_CXX_LANGUAGE_STANDARD = "gnu++14";
				CLANG_CXX_LIBRARY = "libc++";
				CLANG_ENABLE_MODULES = YES;
				CLANG_ENABLE_OBJC_ARC = YES;
				CLANG_ENABLE_OBJC_WEAK = YES;
				CLANG_WARN_BLOCK_CAPTURE_AUTORELEASING = YES;
				CLANG_WARN_BOOL_CONVERSION = YES;
				CLANG_WARN_COMMA = YES;
				CLANG_WARN_CONSTANT_CONVERSION = YES;
				CLANG_WARN_DEPRECATED_OBJC_IMPLEMENTATIONS = YES;
				CLANG_WARN_DIRECT_OBJC_ISA_USAGE = YES_ERROR;
				CLANG_WARN_DOCUMENTATION_COMMENTS = YES;
				CLANG_WARN_EMPTY_BODY = YES;
				CLANG_WARN_ENUM_CONVERSION = YES;
				CLANG_WARN_INFINITE_RECURSION = YES;
				CLANG_WARN_INT_CONVERSION = YES;
				CLANG_WARN_NON_LITERAL_NULL_CONVERSION = YES;
				CLANG_WARN_OBJC_IMPLICIT_RETAIN_SELF = YES;
				CLANG_WARN_OBJC_LITERAL_CONVERSION = YES;
				CLANG_WARN_OBJC_ROOT_CLASS = YES_ERROR;
				CLANG_WARN_QUOTED_INCLUDE_IN_FRAMEWORK_HEADER = YES;
				CLANG_WARN_RANGE_LOOP_ANALYSIS = YES;
				CLANG_WARN_STRICT_PROTOTYPES = YES;
				CLANG_WARN_SUSPICIOUS_MOVE = YES;
				CLANG_WARN_UNGUARDED_AVAILABILITY = YES_AGGRESSIVE;
				CLANG_WARN_UNREACHABLE_CODE = YES;
				CLANG_WARN__DUPLICATE_METHOD_MATCH = YES;
				COPY_PHASE_STRIP = NO;
				DEBUG_INFORMATION_FORMAT = "dwarf-with-dsym";
				ENABLE_NS_ASSERTIONS = NO;
				ENABLE_STRICT_OBJC_MSGSEND = YES;
				GCC_C_LANGUAGE_STANDARD = gnu11;
				GCC_NO_COMMON_BLOCKS = YES;
				GCC_WARN_64_TO_32_BIT_CONVERSION = YES;
				GCC_WARN_ABOUT_RETURN_TYPE = YES_ERROR;
				GCC_WARN_UNDECLARED_SELECTOR = YES;
				GCC_WARN_UNINITIALIZED_AUTOS = YES_AGGRESSIVE;
				GCC_WARN_UNUSED_FUNCTION = YES;
				GCC_WARN_UNUSED_VARIABLE = YES;
				IPHONEOS_DEPLOYMENT_TARGET = 14.3;
				MTL_ENABLE_DEBUG_INFO = NO;
				MTL_FAST_MATH = YES;
				SDKROOT = iphoneos;
				SWIFT_COMPILATION_MODE = wholemodule;
				SWIFT_OPTIMIZATION_LEVEL = "-O";
				VALIDATE_PRODUCT = YES;
			};
			name = Release;
		};
		756D5908272887F00072104F /* Debug */ = {
			isa = XCBuildConfiguration;
			buildSettings = {
				ASSETCATALOG_COMPILER_APPICON_NAME = AppIcon;
				ASSETCATALOG_COMPILER_GLOBAL_ACCENT_COLOR_NAME = AccentColor;
				CODE_SIGN_STYLE = Automatic;
				DEVELOPMENT_TEAM = 4G7S77YHMJ;
				INFOPLIST_FILE = EnablingEngineeringBLETest/Info.plist;
				LD_RUNPATH_SEARCH_PATHS = (
					"$(inherited)",
					"@executable_path/Frameworks",
				);
				PRODUCT_BUNDLE_IDENTIFIER = temp.anujgajjar.EnablingEngineeringBLETest;
				PRODUCT_NAME = "$(TARGET_NAME)";
				SWIFT_VERSION = 5.0;
				TARGETED_DEVICE_FAMILY = "1,2";
			};
			name = Debug;
		};
		756D5909272887F00072104F /* Release */ = {
			isa = XCBuildConfiguration;
			buildSettings = {
				ASSETCATALOG_COMPILER_APPICON_NAME = AppIcon;
				ASSETCATALOG_COMPILER_GLOBAL_ACCENT_COLOR_NAME = AccentColor;
				CODE_SIGN_STYLE = Automatic;
				DEVELOPMENT_TEAM = 4G7S77YHMJ;
				INFOPLIST_FILE = EnablingEngineeringBLETest/Info.plist;
				LD_RUNPATH_SEARCH_PATHS = (
					"$(inherited)",
					"@executable_path/Frameworks",
				);
				PRODUCT_BUNDLE_IDENTIFIER = temp.anujgajjar.EnablingEngineeringBLETest;
				PRODUCT_NAME = "$(TARGET_NAME)";
				SWIFT_VERSION = 5.0;
				TARGETED_DEVICE_FAMILY = "1,2";
			};
			name = Release;
		};
		756D590B272887F00072104F /* Debug */ = {
			isa = XCBuildConfiguration;
			buildSettings = {
				ALWAYS_EMBED_SWIFT_STANDARD_LIBRARIES = YES;
				BUNDLE_LOADER = "$(TEST_HOST)";
				CODE_SIGN_STYLE = Automatic;
				DEVELOPMENT_TEAM = 4G7S77YHMJ;
				INFOPLIST_FILE = EnablingEngineeringBLETestTests/Info.plist;
				IPHONEOS_DEPLOYMENT_TARGET = 14.3;
				LD_RUNPATH_SEARCH_PATHS = (
					"$(inherited)",
					"@executable_path/Frameworks",
					"@loader_path/Frameworks",
				);
				PRODUCT_BUNDLE_IDENTIFIER = temp.anujgajjar.EnablingEngineeringBLETestTests;
				PRODUCT_NAME = "$(TARGET_NAME)";
				SWIFT_VERSION = 5.0;
				TARGETED_DEVICE_FAMILY = "1,2";
				TEST_HOST = "$(BUILT_PRODUCTS_DIR)/EnablingEngineeringBLETest.app/EnablingEngineeringBLETest";
			};
			name = Debug;
		};
		756D590C272887F00072104F /* Release */ = {
			isa = XCBuildConfiguration;
			buildSettings = {
				ALWAYS_EMBED_SWIFT_STANDARD_LIBRARIES = YES;
				BUNDLE_LOADER = "$(TEST_HOST)";
				CODE_SIGN_STYLE = Automatic;
				DEVELOPMENT_TEAM = 4G7S77YHMJ;
				INFOPLIST_FILE = EnablingEngineeringBLETestTests/Info.plist;
				IPHONEOS_DEPLOYMENT_TARGET = 14.3;
				LD_RUNPATH_SEARCH_PATHS = (
					"$(inherited)",
					"@executable_path/Frameworks",
					"@loader_path/Frameworks",
				);
				PRODUCT_BUNDLE_IDENTIFIER = temp.anujgajjar.EnablingEngineeringBLETestTests;
				PRODUCT_NAME = "$(TARGET_NAME)";
				SWIFT_VERSION = 5.0;
				TARGETED_DEVICE_FAMILY = "1,2";
				TEST_HOST = "$(BUILT_PRODUCTS_DIR)/EnablingEngineeringBLETest.app/EnablingEngineeringBLETest";
			};
			name = Release;
		};
		756D590E272887F00072104F /* Debug */ = {
			isa = XCBuildConfiguration;
			buildSettings = {
				ALWAYS_EMBED_SWIFT_STANDARD_LIBRARIES = YES;
				CODE_SIGN_STYLE = Automatic;
				DEVELOPMENT_TEAM = 4G7S77YHMJ;
				INFOPLIST_FILE = EnablingEngineeringBLETestUITests/Info.plist;
				LD_RUNPATH_SEARCH_PATHS = (
					"$(inherited)",
					"@executable_path/Frameworks",
					"@loader_path/Frameworks",
				);
				PRODUCT_BUNDLE_IDENTIFIER = temp.anujgajjar.EnablingEngineeringBLETestUITests;
				PRODUCT_NAME = "$(TARGET_NAME)";
				SWIFT_VERSION = 5.0;
				TARGETED_DEVICE_FAMILY = "1,2";
				TEST_TARGET_NAME = EnablingEngineeringBLETest;
			};
			name = Debug;
		};
		756D590F272887F00072104F /* Release */ = {
			isa = XCBuildConfiguration;
			buildSettings = {
				ALWAYS_EMBED_SWIFT_STANDARD_LIBRARIES = YES;
				CODE_SIGN_STYLE = Automatic;
				DEVELOPMENT_TEAM = 4G7S77YHMJ;
				INFOPLIST_FILE = EnablingEngineeringBLETestUITests/Info.plist;
				LD_RUNPATH_SEARCH_PATHS = (
					"$(inherited)",
					"@executable_path/Frameworks",
					"@loader_path/Frameworks",
				);
				PRODUCT_BUNDLE_IDENTIFIER = temp.anujgajjar.EnablingEngineeringBLETestUITests;
				PRODUCT_NAME = "$(TARGET_NAME)";
				SWIFT_VERSION = 5.0;
				TARGETED_DEVICE_FAMILY = "1,2";
				TEST_TARGET_NAME = EnablingEngineeringBLETest;
			};
			name = Release;
		};
/* End XCBuildConfiguration section */

/* Begin XCConfigurationList section */
		756D58D8272887EE0072104F /* Build configuration list for PBXProject "EnablingEngineeringBLETest" */ = {
			isa = XCConfigurationList;
			buildConfigurations = (
				756D5905272887F00072104F /* Debug */,
				756D5906272887F00072104F /* Release */,
			);
			defaultConfigurationIsVisible = 0;
			defaultConfigurationName = Release;
		};
		756D5907272887F00072104F /* Build configuration list for PBXNativeTarget "EnablingEngineeringBLETest" */ = {
			isa = XCConfigurationList;
			buildConfigurations = (
				756D5908272887F00072104F /* Debug */,
				756D5909272887F00072104F /* Release */,
			);
			defaultConfigurationIsVisible = 0;
			defaultConfigurationName = Release;
		};
		756D590A272887F00072104F /* Build configuration list for PBXNativeTarget "EnablingEngineeringBLETestTests" */ = {
			isa = XCConfigurationList;
			buildConfigurations = (
				756D590B272887F00072104F /* Debug */,
				756D590C272887F00072104F /* Release */,
			);
			defaultConfigurationIsVisible = 0;
			defaultConfigurationName = Release;
		};
		756D590D272887F00072104F /* Build configuration list for PBXNativeTarget "EnablingEngineeringBLETestUITests" */ = {
			isa = XCConfigurationList;
			buildConfigurations = (
				756D590E272887F00072104F /* Debug */,
				756D590F272887F00072104F /* Release */,
			);
			defaultConfigurationIsVisible = 0;
			defaultConfigurationName = Release;
		};
/* End XCConfigurationList section */
	};
	rootObject = 756D58D5272887EE0072104F /* Project object */;
}
